{
  "name": "app",
  "lockfileVersion": 2,
  "requires": true,
  "packages": {
    "": {
      "name": "app",
      "dependencies": {
        "@franciscokloganb/utils": "file:../../../local-npm-registry/franciscokloganb-utils-0.0.6.tgz"
      }
    },
    "node_modules/@franciscokloganb/utils": {
      "version": "0.0.6",
      "resolved": "file:../../../local-npm-registry/franciscokloganb-utils-0.0.6.tgz",
      "integrity": "sha512-NR7UQ4YW5MiN7uH1dMubJjSM1aS6/M61zPfGmRjCQSkMHV+m7eJcxzA5Bh1VaL3Krt+C96NT5Pb6ekgStOKhqA==",
      "engines": {
        "node": ">=16.14",
        "npm": ">=8.12.1"
      }
    }
  },
  "dependencies": {
    "@franciscokloganb/utils": {
      "version": "file:../../../local-npm-registry/franciscokloganb-utils-0.0.6.tgz",
      "integrity": "sha512-NR7UQ4YW5MiN7uH1dMubJjSM1aS6/M61zPfGmRjCQSkMHV+m7eJcxzA5Bh1VaL3Krt+C96NT5Pb6ekgStOKhqA=="
    }
  }
}
